{
  "name": "playground",
  "lockfileVersion": 2,
  "requires": true,
  "packages": {
    "": {
      "devDependencies": {
        "@nuxt/content": "^2.2.2",
        "@vitejs/plugin-vue": "latest",
        "nuxt": "^3.0.0",
        "vite": "^4.0.0",
        "vite-plugin-inspect": "^0.7.9",
        "vue": "^3.2.45"
      }
    },
    "../node_modules/.pnpm/@nuxt+content@2.2.2/node_modules/@nuxt/content": {
      "version": "2.2.2",
      "dev": true,
      "license": "MIT",
      "dependencies": {
        "@nuxt/kit": "^3.0.0-rc.13",
        "consola": "^2.15.3",
        "defu": "^6.1.1",
        "destr": "^1.2.1",
        "detab": "^3.0.2",
        "html-tags": "^3.2.0",
        "json5": "^2.2.1",
        "knitwork": "^1.0.0",
        "listhen": "^1.0.0",
        "mdast-util-to-hast": "^12.2.4",
        "mdurl": "^1.0.1",
        "ohash": "^1.0.0",
        "pathe": "^1.0.0",
        "property-information": "^6.1.1",
        "rehype-external-links": "^2.0.1",
        "rehype-raw": "^6.1.1",
        "rehype-slug": "^5.1.0",
        "rehype-sort-attribute-values": "^4.0.0",
        "rehype-sort-attributes": "^4.0.0",
        "remark-emoji": "^3.0.2",
        "remark-gfm": "^3.0.1",
        "remark-mdc": "^1.1.1",
        "remark-parse": "^10.0.1",
        "remark-rehype": "^10.1.0",
        "remark-squeeze-paragraphs": "^5.0.1",
        "scule": "^1.0.0",
        "shiki-es": "^0.1.2",
        "slugify": "^1.6.5",
        "socket.io-client": "^4.5.3",
        "ufo": "^1.0.0",
        "unified": "^10.1.2",
        "unist-builder": "^3.0.0",
        "unist-util-position": "^4.0.3",
        "unist-util-visit": "^4.1.1",
        "unstorage": "^1.0.0",
        "ws": "^8.11.0"
      },
      "devDependencies": {
        "@nuxt/module-builder": "^0.2.0",
        "@nuxt/schema": "^3.0.0-rc.13",
        "@nuxt/test-utils": "^3.0.0-rc.13",
        "@nuxthq/admin": "npm:@nuxthq/admin-edge@latest",
        "@nuxtjs/eslint-config-typescript": "latest",
        "@types/ws": "^8.5.3",
        "c8": "^7.12.0",
        "csvtojson": "^2.0.10",
        "eslint": "^8.27.0",
        "globby": "^13.1.2",
        "husky": "^8.0.2",
        "jiti": "^1.16.0",
        "lint-staged": "^13.0.3",
        "nuxt": "npm:nuxt3@latest",
        "rehype-figure": "^1.0.1",
        "remark-oembed": "^1.2.2",
        "vitest": "^0.25.2",
        "vue-docgen-web-types": "^0.1.8"
      }
    },
    "../node_modules/.pnpm/nuxt@3.0.0/node_modules/nuxt": {
      "version": "3.0.0",
      "dev": true,
      "license": "MIT",
      "dependencies": {
        "@nuxt/devalue": "^2.0.0",
        "@nuxt/kit": "3.0.0",
        "@nuxt/schema": "3.0.0",
        "@nuxt/telemetry": "^2.1.8",
        "@nuxt/ui-templates": "^1.0.0",
        "@nuxt/vite-builder": "3.0.0",
        "@unhead/ssr": "^1.0.0",
        "@vue/reactivity": "^3.2.45",
        "@vue/shared": "^3.2.45",
        "@vueuse/head": "^1.0.15",
        "chokidar": "^3.5.3",
        "cookie-es": "^0.5.0",
        "defu": "^6.1.1",
        "destr": "^1.2.1",
        "escape-string-regexp": "^5.0.0",
        "estree-walker": "^3.0.1",
        "fs-extra": "^10.1.0",
        "globby": "^13.1.2",
        "h3": "^1.0.1",
        "hash-sum": "^2.0.0",
        "hookable": "^5.4.2",
        "knitwork": "^1.0.0",
        "magic-string": "^0.26.7",
        "mlly": "^1.0.0",
        "nitropack": "^1.0.0",
        "nuxi": "3.0.0",
        "ofetch": "^1.0.0",
        "ohash": "^1.0.0",
        "pathe": "^1.0.0",
        "perfect-debounce": "^0.1.3",
        "scule": "^1.0.0",
        "strip-literal": "^1.0.0",
        "ufo": "^1.0.0",
        "ultrahtml": "^1.0.0",
        "unctx": "^2.1.0",
        "unenv": "^1.0.0",
        "unhead": "^1.0.0",
        "unimport": "^1.0.1",
        "unplugin": "^1.0.0",
        "untyped": "^1.0.0",
        "vue": "^3.2.45",
        "vue-bundle-renderer": "^1.0.0",
        "vue-devtools-stub": "^0.1.0",
        "vue-router": "^4.1.6"
      },
      "bin": {
        "nuxi": "bin/nuxt.mjs",
        "nuxt": "bin/nuxt.mjs"
      },
      "devDependencies": {
        "@types/fs-extra": "^9.0.13",
        "@types/hash-sum": "^1.0.0",
        "unbuild": "latest",
        "vue-meta": "next"
      },
      "engines": {
        "node": "^14.16.0 || ^16.10.0 || ^17.0.0 || ^18.0.0 || ^19.0.0"
      }
    },
    "../node_modules/.pnpm/vite-plugin-inspect@0.7.9_vite@3.2.5/node_modules/vite-plugin-inspect": {
      "version": "0.7.9",
      "dev": true,
      "license": "MIT",
      "dependencies": {
        "@rollup/pluginutils": "^5.0.2",
        "debug": "^4.3.4",
        "fs-extra": "^10.1.0",
        "kolorist": "^1.6.0",
        "sirv": "^2.0.2",
        "ufo": "^1.0.0"
      },
      "devDependencies": {
        "@antfu/eslint-config": "^0.31.0",
        "@antfu/ni": "^0.18.8",
        "@antfu/utils": "^0.6.3",
        "@iconify/json": "^2.1.141",
        "@types/codemirror": "^5.60.5",
        "@types/debug": "^4.1.7",
        "@types/diff-match-patch": "^1.0.32",
        "@types/fs-extra": "^9.0.13",
        "@types/node": "^18.11.9",
        "@vitejs/plugin-vue": "^3.2.0",
        "@vue/compiler-sfc": "^3.2.45",
        "@vueuse/core": "^9.5.0",
        "@vueuse/router": "^9.5.0",
        "bumpp": "^8.2.1",
        "codemirror": "^5.65.8",
        "codemirror-theme-vars": "^0.1.1",
        "comlink": "^4.3.1",
        "cross-env": "^7.0.3",
        "diff-match-patch": "^1.0.5",
        "eslint": "^8.28.0",
        "esno": "^0.16.3",
        "fuse.js": "^6.6.2",
        "npm-run-all": "^4.1.5",
        "ohash": "^1.0.0",
        "prism-theme-vars": "^0.2.4",
        "rimraf": "^3.0.2",
        "typescript": "^4.9.3",
        "unbuild": "^1.0.1",
        "unocss": "^0.46.5",
        "unplugin-auto-import": "^0.11.4",
        "unplugin-icons": "^0.14.13",
        "unplugin-vue-components": "^0.22.9",
        "vis-data": "7.1.4",
        "vis-network": "9.1.2",
        "vite": "^3.2.4",
        "vite-dev-rpc": "^0.1.0",
        "vite-hot-client": "^0.1.1",
        "vite-plugin-pages": "^0.27.1",
        "vue": "^3.2.45",
        "vue-router": "^4.1.6"
      },
      "engines": {
        "node": ">=14"
      },
      "funding": {
        "url": "https://github.com/sponsors/antfu"
      },
      "peerDependencies": {
        "vite": "^3.1.0"
      }
    },
    "../node_modules/.pnpm/vite@3.2.5/node_modules/vite": {
      "version": "3.2.5",
      "extraneous": true,
      "license": "MIT",
      "dependencies": {
        "esbuild": "^0.15.9",
        "postcss": "^8.4.18",
        "resolve": "^1.22.1",
        "rollup": "^2.79.1"
      },
      "bin": {
        "vite": "bin/vite.js"
      },
      "devDependencies": {
        "@ampproject/remapping": "^2.2.0",
        "@babel/parser": "^7.20.0",
        "@babel/types": "^7.20.0",
        "@jridgewell/trace-mapping": "^0.3.17",
        "@rollup/plugin-alias": "^4.0.2",
        "@rollup/plugin-commonjs": "^23.0.2",
        "@rollup/plugin-dynamic-import-vars": "^2.0.1",
        "@rollup/plugin-json": "^4.1.0",
        "@rollup/plugin-node-resolve": "14.1.0",
        "@rollup/plugin-typescript": "^8.5.0",
        "@rollup/pluginutils": "^4.2.1",
        "acorn": "^8.8.1",
        "acorn-walk": "^8.2.0",
        "cac": "^6.7.14",
        "chokidar": "^3.5.3",
        "connect": "^3.7.0",
        "connect-history-api-fallback": "^2.0.0",
        "convert-source-map": "^1.9.0",
        "cors": "^2.8.5",
        "cross-spawn": "^7.0.3",
        "debug": "^4.3.4",
        "dep-types": "link:./src/types",
        "dotenv": "^14.3.2",
        "dotenv-expand": "^5.1.0",
        "es-module-lexer": "^1.1.0",
        "estree-walker": "^3.0.1",
        "etag": "^1.8.1",
        "fast-glob": "^3.2.12",
        "http-proxy": "^1.18.1",
        "json5": "^2.2.1",
        "launch-editor-middleware": "^2.6.0",
        "magic-string": "^0.26.7",
        "micromatch": "^4.0.5",
        "mlly": "^0.5.16",
        "mrmime": "^1.0.1",
        "okie": "^1.0.1",
        "open": "^8.4.0",
        "parse5": "^7.1.1",
        "periscopic": "^3.0.4",
        "picocolors": "^1.0.0",
        "picomatch": "^2.3.1",
        "postcss-import": "^15.0.0",
        "postcss-load-config": "^4.0.1",
        "postcss-modules": "^6.0.0",
        "resolve.exports": "^1.1.0",
        "sirv": "^2.0.2",
        "source-map-js": "^1.0.2",
        "source-map-support": "^0.5.21",
        "strip-ansi": "^7.0.1",
        "strip-literal": "^0.4.2",
        "tsconfck": "^2.0.1",
        "tslib": "^2.4.0",
        "types": "link:./types",
        "ufo": "^0.8.6",
        "ws": "^8.10.0"
      },
      "engines": {
        "node": "^14.18.0 || >=16.0.0"
      },
      "optionalDependencies": {
        "fsevents": "~2.3.2"
      },
      "peerDependencies": {
        "@types/node": ">= 14",
        "less": "*",
        "sass": "*",
        "stylus": "*",
        "sugarss": "*",
        "terser": "^5.4.0"
      },
      "peerDependenciesMeta": {
        "@types/node": {
          "optional": true
        },
        "less": {
          "optional": true
        },
        "sass": {
          "optional": true
        },
        "stylus": {
          "optional": true
        },
        "sugarss": {
          "optional": true
        },
        "terser": {
          "optional": true
        }
      }
    },
    "../node_modules/.pnpm/vue@3.2.45/node_modules/vue": {
      "version": "3.2.45",
      "dev": true,
      "license": "MIT",
      "dependencies": {
        "@vue/compiler-dom": "3.2.45",
        "@vue/compiler-sfc": "3.2.45",
        "@vue/runtime-dom": "3.2.45",
        "@vue/server-renderer": "3.2.45",
        "@vue/shared": "3.2.45"
      }
    },
    "node_modules/@esbuild/android-arm": {
      "version": "0.16.4",
      "resolved": "https://registry.npmjs.org/@esbuild/android-arm/-/android-arm-0.16.4.tgz",
      "integrity": "sha512-rZzb7r22m20S1S7ufIc6DC6W659yxoOrl7sKP1nCYhuvUlnCFHVSbATG4keGUtV8rDz11sRRDbWkvQZpzPaHiw==",
      "cpu": [
        "arm"
      ],
      "dev": true,
      "optional": true,
      "os": [
        "android"
      ],
      "engines": {
        "node": ">=12"
      }
    },
    "node_modules/@esbuild/android-arm64": {
      "version": "0.16.4",
      "resolved": "https://registry.npmjs.org/@esbuild/android-arm64/-/android-arm64-0.16.4.tgz",
      "integrity": "sha512-VPuTzXFm/m2fcGfN6CiwZTlLzxrKsWbPkG7ArRFpuxyaHUm/XFHQPD4xNwZT6uUmpIHhnSjcaCmcla8COzmZ5Q==",
      "cpu": [
        "arm64"
      ],
      "dev": true,
      "optional": true,
      "os": [
        "android"
      ],
      "engines": {
        "node": ">=12"
      }
    },
    "node_modules/@esbuild/android-x64": {
      "version": "0.16.4",
      "resolved": "https://registry.npmjs.org/@esbuild/android-x64/-/android-x64-0.16.4.tgz",
      "integrity": "sha512-MW+B2O++BkcOfMWmuHXB15/l1i7wXhJFqbJhp82IBOais8RBEQv2vQz/jHrDEHaY2X0QY7Wfw86SBL2PbVOr0g==",
      "cpu": [
        "x64"
      ],
      "dev": true,
      "optional": true,
      "os": [
        "android"
      ],
      "engines": {
        "node": ">=12"
      }
    },
    "node_modules/@esbuild/darwin-arm64": {
      "version": "0.16.4",
      "resolved": "https://registry.npmjs.org/@esbuild/darwin-arm64/-/darwin-arm64-0.16.4.tgz",
      "integrity": "sha512-a28X1O//aOfxwJVZVs7ZfM8Tyih2Za4nKJrBwW5Wm4yKsnwBy9aiS/xwpxiiTRttw3EaTg4Srerhcm6z0bu9Wg==",
      "cpu": [
        "arm64"
      ],
      "dev": true,
      "optional": true,
      "os": [
        "darwin"
      ],
      "engines": {
        "node": ">=12"
      }
    },
    "node_modules/@esbuild/darwin-x64": {
      "version": "0.16.4",
      "resolved": "https://registry.npmjs.org/@esbuild/darwin-x64/-/darwin-x64-0.16.4.tgz",
      "integrity": "sha512-e3doCr6Ecfwd7VzlaQqEPrnbvvPjE9uoTpxG5pyLzr2rI2NMjDHmvY1E5EO81O/e9TUOLLkXA5m6T8lfjK9yAA==",
      "cpu": [
        "x64"
      ],
      "dev": true,
      "optional": true,
      "os": [
        "darwin"
      ],
      "engines": {
        "node": ">=12"
      }
    },
    "node_modules/@esbuild/freebsd-arm64": {
      "version": "0.16.4",
      "resolved": "https://registry.npmjs.org/@esbuild/freebsd-arm64/-/freebsd-arm64-0.16.4.tgz",
      "integrity": "sha512-Oup3G/QxBgvvqnXWrBed7xxkFNwAwJVHZcklWyQt7YCAL5bfUkaa6FVWnR78rNQiM8MqqLiT6ZTZSdUFuVIg1w==",
      "cpu": [
        "arm64"
      ],
      "dev": true,
      "optional": true,
      "os": [
        "freebsd"
      ],
      "engines": {
        "node": ">=12"
      }
    },
    "node_modules/@esbuild/freebsd-x64": {
      "version": "0.16.4",
      "resolved": "https://registry.npmjs.org/@esbuild/freebsd-x64/-/freebsd-x64-0.16.4.tgz",
      "integrity": "sha512-vAP+eYOxlN/Bpo/TZmzEQapNS8W1njECrqkTpNgvXskkkJC2AwOXwZWai/Kc2vEFZUXQttx6UJbj9grqjD/+9Q==",
      "cpu": [
        "x64"
      ],
      "dev": true,
      "optional": true,
      "os": [
        "freebsd"
      ],
      "engines": {
        "node": ">=12"
      }
    },
    "node_modules/@esbuild/linux-arm": {
      "version": "0.16.4",
      "resolved": "https://registry.npmjs.org/@esbuild/linux-arm/-/linux-arm-0.16.4.tgz",
      "integrity": "sha512-A47ZmtpIPyERxkSvIv+zLd6kNIOtJH03XA0Hy7jaceRDdQaQVGSDt4mZqpWqJYgDk9rg96aglbF6kCRvPGDSUA==",
      "cpu": [
        "arm"
      ],
      "dev": true,
      "optional": true,
      "os": [
        "linux"
      ],
      "engines": {
        "node": ">=12"
      }
    },
    "node_modules/@esbuild/linux-arm64": {
      "version": "0.16.4",
      "resolved": "https://registry.npmjs.org/@esbuild/linux-arm64/-/linux-arm64-0.16.4.tgz",
      "integrity": "sha512-2zXoBhv4r5pZiyjBKrOdFP4CXOChxXiYD50LRUU+65DkdS5niPFHbboKZd/c81l0ezpw7AQnHeoCy5hFrzzs4g==",
      "cpu": [
        "arm64"
      ],
      "dev": true,
      "optional": true,
      "os": [
        "linux"
      ],
      "engines": {
        "node": ">=12"
      }
    },
    "node_modules/@esbuild/linux-ia32": {
      "version": "0.16.4",
      "resolved": "https://registry.npmjs.org/@esbuild/linux-ia32/-/linux-ia32-0.16.4.tgz",
      "integrity": "sha512-uxdSrpe9wFhz4yBwt2kl2TxS/NWEINYBUFIxQtaEVtglm1eECvsj1vEKI0KX2k2wCe17zDdQ3v+jVxfwVfvvjw==",
      "cpu": [
        "ia32"
      ],
      "dev": true,
      "optional": true,
      "os": [
        "linux"
      ],
      "engines": {
        "node": ">=12"
      }
    },
    "node_modules/@esbuild/linux-loong64": {
      "version": "0.16.4",
      "resolved": "https://registry.npmjs.org/@esbuild/linux-loong64/-/linux-loong64-0.16.4.tgz",
      "integrity": "sha512-peDrrUuxbZ9Jw+DwLCh/9xmZAk0p0K1iY5d2IcwmnN+B87xw7kujOkig6ZRcZqgrXgeRGurRHn0ENMAjjD5DEg==",
      "cpu": [
        "loong64"
      ],
      "dev": true,
      "optional": true,
      "os": [
        "linux"
      ],
      "engines": {
        "node": ">=12"
      }
    },
    "node_modules/@esbuild/linux-mips64el": {
      "version": "0.16.4",
      "resolved": "https://registry.npmjs.org/@esbuild/linux-mips64el/-/linux-mips64el-0.16.4.tgz",
      "integrity": "sha512-sD9EEUoGtVhFjjsauWjflZklTNr57KdQ6xfloO4yH1u7vNQlOfAlhEzbyBKfgbJlW7rwXYBdl5/NcZ+Mg2XhQA==",
      "cpu": [
        "mips64el"
      ],
      "dev": true,
      "optional": true,
      "os": [
        "linux"
      ],
      "engines": {
        "node": ">=12"
      }
    },
    "node_modules/@esbuild/linux-ppc64": {
      "version": "0.16.4",
      "resolved": "https://registry.npmjs.org/@esbuild/linux-ppc64/-/linux-ppc64-0.16.4.tgz",
      "integrity": "sha512-X1HSqHUX9D+d0l6/nIh4ZZJ94eQky8d8z6yxAptpZE3FxCWYWvTDd9X9ST84MGZEJx04VYUD/AGgciddwO0b8g==",
      "cpu": [
        "ppc64"
      ],
      "dev": true,
      "optional": true,
      "os": [
        "linux"
      ],
      "engines": {
        "node": ">=12"
      }
    },
    "node_modules/@esbuild/linux-riscv64": {
      "version": "0.16.4",
      "resolved": "https://registry.npmjs.org/@esbuild/linux-riscv64/-/linux-riscv64-0.16.4.tgz",
      "integrity": "sha512-97ANpzyNp0GTXCt6SRdIx1ngwncpkV/z453ZuxbnBROCJ5p/55UjhbaG23UdHj88fGWLKPFtMoU4CBacz4j9FA==",
      "cpu": [
        "riscv64"
      ],
      "dev": true,
      "optional": true,
      "os": [
        "linux"
      ],
      "engines": {
        "node": ">=12"
      }
    },
    "node_modules/@esbuild/linux-s390x": {
      "version": "0.16.4",
      "resolved": "https://registry.npmjs.org/@esbuild/linux-s390x/-/linux-s390x-0.16.4.tgz",
      "integrity": "sha512-pUvPQLPmbEeJRPjP0DYTC1vjHyhrnCklQmCGYbipkep+oyfTn7GTBJXoPodR7ZS5upmEyc8lzAkn2o29wD786A==",
      "cpu": [
        "s390x"
      ],
      "dev": true,
      "optional": true,
      "os": [
        "linux"
      ],
      "engines": {
        "node": ">=12"
      }
    },
    "node_modules/@esbuild/linux-x64": {
      "version": "0.16.4",
      "resolved": "https://registry.npmjs.org/@esbuild/linux-x64/-/linux-x64-0.16.4.tgz",
      "integrity": "sha512-N55Q0mJs3Sl8+utPRPBrL6NLYZKBCLLx0bme/+RbjvMforTGGzFvsRl4xLTZMUBFC1poDzBEPTEu5nxizQ9Nlw==",
      "cpu": [
        "x64"
      ],
      "dev": true,
      "optional": true,
      "os": [
        "linux"
      ],
      "engines": {
        "node": ">=12"
      }
    },
    "node_modules/@esbuild/netbsd-x64": {
      "version": "0.16.4",
      "resolved": "https://registry.npmjs.org/@esbuild/netbsd-x64/-/netbsd-x64-0.16.4.tgz",
      "integrity": "sha512-LHSJLit8jCObEQNYkgsDYBh2JrJT53oJO2HVdkSYLa6+zuLJh0lAr06brXIkljrlI+N7NNW1IAXGn/6IZPi3YQ==",
      "cpu": [
        "x64"
      ],
      "dev": true,
      "optional": true,
      "os": [
        "netbsd"
      ],
      "engines": {
        "node": ">=12"
      }
    },
    "node_modules/@esbuild/openbsd-x64": {
      "version": "0.16.4",
      "resolved": "https://registry.npmjs.org/@esbuild/openbsd-x64/-/openbsd-x64-0.16.4.tgz",
      "integrity": "sha512-nLgdc6tWEhcCFg/WVFaUxHcPK3AP/bh+KEwKtl69Ay5IBqUwKDaq/6Xk0E+fh/FGjnLwqFSsarsbPHeKM8t8Sw==",
      "cpu": [
        "x64"
      ],
      "dev": true,
      "optional": true,
      "os": [
        "openbsd"
      ],
      "engines": {
        "node": ">=12"
      }
    },
    "node_modules/@esbuild/sunos-x64": {
      "version": "0.16.4",
      "resolved": "https://registry.npmjs.org/@esbuild/sunos-x64/-/sunos-x64-0.16.4.tgz",
      "integrity": "sha512-08SluG24GjPO3tXKk95/85n9kpyZtXCVwURR2i4myhrOfi3jspClV0xQQ0W0PYWHioJj+LejFMt41q+PG3mlAQ==",
      "cpu": [
        "x64"
      ],
      "dev": true,
      "optional": true,
      "os": [
        "sunos"
      ],
      "engines": {
        "node": ">=12"
      }
    },
    "node_modules/@esbuild/win32-arm64": {
      "version": "0.16.4",
      "resolved": "https://registry.npmjs.org/@esbuild/win32-arm64/-/win32-arm64-0.16.4.tgz",
      "integrity": "sha512-yYiRDQcqLYQSvNQcBKN7XogbrSvBE45FEQdH8fuXPl7cngzkCvpsG2H9Uey39IjQ6gqqc+Q4VXYHsQcKW0OMjQ==",
      "cpu": [
        "arm64"
      ],
      "dev": true,
      "optional": true,
      "os": [
        "win32"
      ],
      "engines": {
        "node": ">=12"
      }
    },
    "node_modules/@esbuild/win32-ia32": {
      "version": "0.16.4",
      "resolved": "https://registry.npmjs.org/@esbuild/win32-ia32/-/win32-ia32-0.16.4.tgz",
      "integrity": "sha512-5rabnGIqexekYkh9zXG5waotq8mrdlRoBqAktjx2W3kb0zsI83mdCwrcAeKYirnUaTGztR5TxXcXmQrEzny83w==",
      "cpu": [
        "ia32"
      ],
      "dev": true,
      "optional": true,
      "os": [
        "win32"
      ],
      "engines": {
        "node": ">=12"
      }
    },
    "node_modules/@esbuild/win32-x64": {
      "version": "0.16.4",
      "resolved": "https://registry.npmjs.org/@esbuild/win32-x64/-/win32-x64-0.16.4.tgz",
      "integrity": "sha512-sN/I8FMPtmtT2Yw+Dly8Ur5vQ5a/RmC8hW7jO9PtPSQUPkowxWpcUZnqOggU7VwyT3Xkj6vcXWd3V/qTXwultQ==",
      "cpu": [
        "x64"
      ],
      "dev": true,
      "optional": true,
      "os": [
        "win32"
      ],
      "engines": {
        "node": ">=12"
      }
    },
    "node_modules/@nuxt/content": {
      "resolved": "../node_modules/.pnpm/@nuxt+content@2.2.2/node_modules/@nuxt/content",
      "link": true
    },
    "node_modules/@vitejs/plugin-vue": {
      "version": "4.0.0",
      "resolved": "https://registry.npmjs.org/@vitejs/plugin-vue/-/plugin-vue-4.0.0.tgz",
      "integrity": "sha512-e0X4jErIxAB5oLtDqbHvHpJe/uWNkdpYV83AOG2xo2tEVSzCzewgJMtREZM30wXnM5ls90hxiOtAuVU6H5JgbA==",
      "dev": true,
      "engines": {
        "node": "^14.18.0 || >=16.0.0"
      },
      "peerDependencies": {
        "vite": "^4.0.0",
        "vue": "^3.2.25"
      }
    },
    "node_modules/esbuild": {
      "version": "0.16.4",
      "resolved": "https://registry.npmjs.org/esbuild/-/esbuild-0.16.4.tgz",
      "integrity": "sha512-qQrPMQpPTWf8jHugLWHoGqZjApyx3OEm76dlTXobHwh/EBbavbRdjXdYi/GWr43GyN0sfpap14GPkb05NH3ROA==",
      "dev": true,
      "hasInstallScript": true,
      "bin": {
        "esbuild": "bin/esbuild"
      },
      "engines": {
        "node": ">=12"
      },
      "optionalDependencies": {
        "@esbuild/android-arm": "0.16.4",
        "@esbuild/android-arm64": "0.16.4",
        "@esbuild/android-x64": "0.16.4",
        "@esbuild/darwin-arm64": "0.16.4",
        "@esbuild/darwin-x64": "0.16.4",
        "@esbuild/freebsd-arm64": "0.16.4",
        "@esbuild/freebsd-x64": "0.16.4",
        "@esbuild/linux-arm": "0.16.4",
        "@esbuild/linux-arm64": "0.16.4",
        "@esbuild/linux-ia32": "0.16.4",
        "@esbuild/linux-loong64": "0.16.4",
        "@esbuild/linux-mips64el": "0.16.4",
        "@esbuild/linux-ppc64": "0.16.4",
        "@esbuild/linux-riscv64": "0.16.4",
        "@esbuild/linux-s390x": "0.16.4",
        "@esbuild/linux-x64": "0.16.4",
        "@esbuild/netbsd-x64": "0.16.4",
        "@esbuild/openbsd-x64": "0.16.4",
        "@esbuild/sunos-x64": "0.16.4",
        "@esbuild/win32-arm64": "0.16.4",
        "@esbuild/win32-ia32": "0.16.4",
        "@esbuild/win32-x64": "0.16.4"
      }
    },
    "node_modules/fsevents": {
      "version": "2.3.2",
      "resolved": "https://registry.npmjs.org/fsevents/-/fsevents-2.3.2.tgz",
      "integrity": "sha512-xiqMQR4xAeHTuB9uWm+fFRcIOgKBMiOBP+eXiyT7jsgVCq1bkVygt00oASowB7EdtpOHaaPgKt812P9ab+DDKA==",
      "dev": true,
      "hasInstallScript": true,
      "optional": true,
      "os": [
        "darwin"
      ],
      "engines": {
        "node": "^8.16.0 || ^10.6.0 || >=11.0.0"
      }
    },
    "node_modules/function-bind": {
      "version": "1.1.1",
      "resolved": "https://registry.npmjs.org/function-bind/-/function-bind-1.1.1.tgz",
      "integrity": "sha512-yIovAzMX49sF8Yl58fSCWJ5svSLuaibPxXQJFLmBObTuCr0Mf1KiPopGM9NiFjiYBCbfaa2Fh6breQ6ANVTI0A==",
      "dev": true
    },
    "node_modules/has": {
      "version": "1.0.3",
      "resolved": "https://registry.npmjs.org/has/-/has-1.0.3.tgz",
      "integrity": "sha512-f2dvO0VU6Oej7RkWJGrehjbzMAjFp5/VKPp5tTpWIV4JHHZK1/BxbFRtf/siA2SWTe09caDmVtYYzWEIbBS4zw==",
      "dev": true,
      "dependencies": {
        "function-bind": "^1.1.1"
      },
      "engines": {
        "node": ">= 0.4.0"
      }
    },
    "node_modules/is-core-module": {
      "version": "2.11.0",
      "resolved": "https://registry.npmjs.org/is-core-module/-/is-core-module-2.11.0.tgz",
      "integrity": "sha512-RRjxlvLDkD1YJwDbroBHMb+cukurkDWNyHx7D3oNB5x9rb5ogcksMC5wHCadcXoo67gVr/+3GFySh3134zi6rw==",
      "dev": true,
      "dependencies": {
        "has": "^1.0.3"
      },
      "funding": {
        "url": "https://github.com/sponsors/ljharb"
      }
    },
    "node_modules/nanoid": {
      "version": "3.3.4",
      "resolved": "https://registry.npmjs.org/nanoid/-/nanoid-3.3.4.tgz",
      "integrity": "sha512-MqBkQh/OHTS2egovRtLk45wEyNXwF+cokD+1YPf9u5VfJiRdAiRwB2froX5Co9Rh20xs4siNPm8naNotSD6RBw==",
      "dev": true,
      "bin": {
        "nanoid": "bin/nanoid.cjs"
      },
      "engines": {
        "node": "^10 || ^12 || ^13.7 || ^14 || >=15.0.1"
      }
    },
    "node_modules/nuxt": {
      "resolved": "../node_modules/.pnpm/nuxt@3.0.0/node_modules/nuxt",
      "link": true
    },
    "node_modules/path-parse": {
      "version": "1.0.7",
      "resolved": "https://registry.npmjs.org/path-parse/-/path-parse-1.0.7.tgz",
      "integrity": "sha512-LDJzPVEEEPR+y48z93A0Ed0yXb8pAByGWo/k5YYdYgpY2/2EsOsksJrq7lOHxryrVOn1ejG6oAp8ahvOIQD8sw==",
      "dev": true
    },
    "node_modules/picocolors": {
      "version": "1.0.0",
      "resolved": "https://registry.npmjs.org/picocolors/-/picocolors-1.0.0.tgz",
      "integrity": "sha512-1fygroTLlHu66zi26VoTDv8yRgm0Fccecssto+MhsZ0D/DGW2sm8E8AjW7NU5VVTRt5GxbeZ5qBuJr+HyLYkjQ==",
      "dev": true
    },
    "node_modules/postcss": {
      "version": "8.4.20",
      "resolved": "https://registry.npmjs.org/postcss/-/postcss-8.4.20.tgz",
      "integrity": "sha512-6Q04AXR1212bXr5fh03u8aAwbLxAQNGQ/Q1LNa0VfOI06ZAlhPHtQvE4OIdpj4kLThXilalPnmDSOD65DcHt+g==",
      "dev": true,
      "funding": [
        {
          "type": "opencollective",
          "url": "https://opencollective.com/postcss/"
        },
        {
          "type": "tidelift",
          "url": "https://tidelift.com/funding/github/npm/postcss"
        }
      ],
      "dependencies": {
        "nanoid": "^3.3.4",
        "picocolors": "^1.0.0",
        "source-map-js": "^1.0.2"
      },
      "engines": {
        "node": "^10 || ^12 || >=14"
      }
    },
    "node_modules/resolve": {
      "version": "1.22.1",
      "resolved": "https://registry.npmjs.org/resolve/-/resolve-1.22.1.tgz",
      "integrity": "sha512-nBpuuYuY5jFsli/JIs1oldw6fOQCBioohqWZg/2hiaOybXOft4lonv85uDOKXdf8rhyK159cxU5cDcK/NKk8zw==",
      "dev": true,
      "dependencies": {
        "is-core-module": "^2.9.0",
        "path-parse": "^1.0.7",
        "supports-preserve-symlinks-flag": "^1.0.0"
      },
      "bin": {
        "resolve": "bin/resolve"
      },
      "funding": {
        "url": "https://github.com/sponsors/ljharb"
      }
    },
    "node_modules/rollup": {
      "version": "3.7.3",
      "resolved": "https://registry.npmjs.org/rollup/-/rollup-3.7.3.tgz",
      "integrity": "sha512-7e68MQbAWCX6mI4/0lG1WHd+NdNAlVamg0Zkd+8LZ/oXojligdGnCNyHlzXqXCZObyjs5FRc3AH0b17iJESGIQ==",
      "dev": true,
      "bin": {
        "rollup": "dist/bin/rollup"
      },
      "engines": {
        "node": ">=14.18.0",
        "npm": ">=8.0.0"
      },
      "optionalDependencies": {
        "fsevents": "~2.3.2"
      }
    },
    "node_modules/source-map-js": {
      "version": "1.0.2",
      "resolved": "https://registry.npmjs.org/source-map-js/-/source-map-js-1.0.2.tgz",
      "integrity": "sha512-R0XvVJ9WusLiqTCEiGCmICCMplcCkIwwR11mOSD9CR5u+IXYdiseeEuXCVAjS54zqwkLcPNnmU4OeJ6tUrWhDw==",
      "dev": true,
      "engines": {
        "node": ">=0.10.0"
      }
    },
    "node_modules/supports-preserve-symlinks-flag": {
      "version": "1.0.0",
      "resolved": "https://registry.npmjs.org/supports-preserve-symlinks-flag/-/supports-preserve-symlinks-flag-1.0.0.tgz",
      "integrity": "sha512-ot0WnXS9fgdkgIcePe6RHNk1WA8+muPa6cSjeR3V8K27q9BB1rTE3R1p7Hv0z1ZyAc8s6Vvv8DIyWf681MAt0w==",
      "dev": true,
      "engines": {
        "node": ">= 0.4"
      },
      "funding": {
        "url": "https://github.com/sponsors/ljharb"
      }
    },
    "node_modules/vite": {
      "version": "4.0.0",
      "resolved": "https://registry.npmjs.org/vite/-/vite-4.0.0.tgz",
      "integrity": "sha512-ynad+4kYs8Jcnn8J7SacS9vAbk7eMy0xWg6E7bAhS1s79TK+D7tVFGXVZ55S7RNLRROU1rxoKlvZ/qjaB41DGA==",
      "dev": true,
      "dependencies": {
        "esbuild": "^0.16.3",
        "postcss": "^8.4.19",
        "resolve": "^1.22.1",
        "rollup": "^3.7.0"
      },
      "bin": {
        "vite": "bin/vite.js"
      },
      "engines": {
        "node": "^14.18.0 || >=16.0.0"
      },
      "optionalDependencies": {
        "fsevents": "~2.3.2"
      },
      "peerDependencies": {
        "@types/node": ">= 14",
        "less": "*",
        "sass": "*",
        "stylus": "*",
        "sugarss": "*",
        "terser": "^5.4.0"
      },
      "peerDependenciesMeta": {
        "@types/node": {
          "optional": true
        },
        "less": {
          "optional": true
        },
        "sass": {
          "optional": true
        },
        "stylus": {
          "optional": true
        },
        "sugarss": {
          "optional": true
        },
        "terser": {
          "optional": true
        }
      }
    },
    "node_modules/vite-plugin-inspect": {
      "resolved": "../node_modules/.pnpm/vite-plugin-inspect@0.7.9_vite@3.2.5/node_modules/vite-plugin-inspect",
      "link": true
    },
    "node_modules/vue": {
      "resolved": "../node_modules/.pnpm/vue@3.2.45/node_modules/vue",
      "link": true
    }
  },
  "dependencies": {
    "@esbuild/android-arm": {
      "version": "0.16.4",
      "resolved": "https://registry.npmjs.org/@esbuild/android-arm/-/android-arm-0.16.4.tgz",
      "integrity": "sha512-rZzb7r22m20S1S7ufIc6DC6W659yxoOrl7sKP1nCYhuvUlnCFHVSbATG4keGUtV8rDz11sRRDbWkvQZpzPaHiw==",
      "dev": true,
      "optional": true
    },
    "@esbuild/android-arm64": {
      "version": "0.16.4",
      "resolved": "https://registry.npmjs.org/@esbuild/android-arm64/-/android-arm64-0.16.4.tgz",
      "integrity": "sha512-VPuTzXFm/m2fcGfN6CiwZTlLzxrKsWbPkG7ArRFpuxyaHUm/XFHQPD4xNwZT6uUmpIHhnSjcaCmcla8COzmZ5Q==",
      "dev": true,
      "optional": true
    },
    "@esbuild/android-x64": {
      "version": "0.16.4",
      "resolved": "https://registry.npmjs.org/@esbuild/android-x64/-/android-x64-0.16.4.tgz",
      "integrity": "sha512-MW+B2O++BkcOfMWmuHXB15/l1i7wXhJFqbJhp82IBOais8RBEQv2vQz/jHrDEHaY2X0QY7Wfw86SBL2PbVOr0g==",
      "dev": true,
      "optional": true
    },
    "@esbuild/darwin-arm64": {
      "version": "0.16.4",
      "resolved": "https://registry.npmjs.org/@esbuild/darwin-arm64/-/darwin-arm64-0.16.4.tgz",
      "integrity": "sha512-a28X1O//aOfxwJVZVs7ZfM8Tyih2Za4nKJrBwW5Wm4yKsnwBy9aiS/xwpxiiTRttw3EaTg4Srerhcm6z0bu9Wg==",
      "dev": true,
      "optional": true
    },
    "@esbuild/darwin-x64": {
      "version": "0.16.4",
      "resolved": "https://registry.npmjs.org/@esbuild/darwin-x64/-/darwin-x64-0.16.4.tgz",
      "integrity": "sha512-e3doCr6Ecfwd7VzlaQqEPrnbvvPjE9uoTpxG5pyLzr2rI2NMjDHmvY1E5EO81O/e9TUOLLkXA5m6T8lfjK9yAA==",
      "dev": true,
      "optional": true
    },
    "@esbuild/freebsd-arm64": {
      "version": "0.16.4",
      "resolved": "https://registry.npmjs.org/@esbuild/freebsd-arm64/-/freebsd-arm64-0.16.4.tgz",
      "integrity": "sha512-Oup3G/QxBgvvqnXWrBed7xxkFNwAwJVHZcklWyQt7YCAL5bfUkaa6FVWnR78rNQiM8MqqLiT6ZTZSdUFuVIg1w==",
      "dev": true,
      "optional": true
    },
    "@esbuild/freebsd-x64": {
      "version": "0.16.4",
      "resolved": "https://registry.npmjs.org/@esbuild/freebsd-x64/-/freebsd-x64-0.16.4.tgz",
      "integrity": "sha512-vAP+eYOxlN/Bpo/TZmzEQapNS8W1njECrqkTpNgvXskkkJC2AwOXwZWai/Kc2vEFZUXQttx6UJbj9grqjD/+9Q==",
      "dev": true,
      "optional": true
    },
    "@esbuild/linux-arm": {
      "version": "0.16.4",
      "resolved": "https://registry.npmjs.org/@esbuild/linux-arm/-/linux-arm-0.16.4.tgz",
      "integrity": "sha512-A47ZmtpIPyERxkSvIv+zLd6kNIOtJH03XA0Hy7jaceRDdQaQVGSDt4mZqpWqJYgDk9rg96aglbF6kCRvPGDSUA==",
      "dev": true,
      "optional": true
    },
    "@esbuild/linux-arm64": {
      "version": "0.16.4",
      "resolved": "https://registry.npmjs.org/@esbuild/linux-arm64/-/linux-arm64-0.16.4.tgz",
      "integrity": "sha512-2zXoBhv4r5pZiyjBKrOdFP4CXOChxXiYD50LRUU+65DkdS5niPFHbboKZd/c81l0ezpw7AQnHeoCy5hFrzzs4g==",
      "dev": true,
      "optional": true
    },
    "@esbuild/linux-ia32": {
      "version": "0.16.4",
      "resolved": "https://registry.npmjs.org/@esbuild/linux-ia32/-/linux-ia32-0.16.4.tgz",
      "integrity": "sha512-uxdSrpe9wFhz4yBwt2kl2TxS/NWEINYBUFIxQtaEVtglm1eECvsj1vEKI0KX2k2wCe17zDdQ3v+jVxfwVfvvjw==",
      "dev": true,
      "optional": true
    },
    "@esbuild/linux-loong64": {
      "version": "0.16.4",
      "resolved": "https://registry.npmjs.org/@esbuild/linux-loong64/-/linux-loong64-0.16.4.tgz",
      "integrity": "sha512-peDrrUuxbZ9Jw+DwLCh/9xmZAk0p0K1iY5d2IcwmnN+B87xw7kujOkig6ZRcZqgrXgeRGurRHn0ENMAjjD5DEg==",
      "dev": true,
      "optional": true
    },
    "@esbuild/linux-mips64el": {
      "version": "0.16.4",
      "resolved": "https://registry.npmjs.org/@esbuild/linux-mips64el/-/linux-mips64el-0.16.4.tgz",
      "integrity": "sha512-sD9EEUoGtVhFjjsauWjflZklTNr57KdQ6xfloO4yH1u7vNQlOfAlhEzbyBKfgbJlW7rwXYBdl5/NcZ+Mg2XhQA==",
      "dev": true,
      "optional": true
    },
    "@esbuild/linux-ppc64": {
      "version": "0.16.4",
      "resolved": "https://registry.npmjs.org/@esbuild/linux-ppc64/-/linux-ppc64-0.16.4.tgz",
      "integrity": "sha512-X1HSqHUX9D+d0l6/nIh4ZZJ94eQky8d8z6yxAptpZE3FxCWYWvTDd9X9ST84MGZEJx04VYUD/AGgciddwO0b8g==",
      "dev": true,
      "optional": true
    },
    "@esbuild/linux-riscv64": {
      "version": "0.16.4",
      "resolved": "https://registry.npmjs.org/@esbuild/linux-riscv64/-/linux-riscv64-0.16.4.tgz",
      "integrity": "sha512-97ANpzyNp0GTXCt6SRdIx1ngwncpkV/z453ZuxbnBROCJ5p/55UjhbaG23UdHj88fGWLKPFtMoU4CBacz4j9FA==",
      "dev": true,
      "optional": true
    },
    "@esbuild/linux-s390x": {
      "version": "0.16.4",
      "resolved": "https://registry.npmjs.org/@esbuild/linux-s390x/-/linux-s390x-0.16.4.tgz",
      "integrity": "sha512-pUvPQLPmbEeJRPjP0DYTC1vjHyhrnCklQmCGYbipkep+oyfTn7GTBJXoPodR7ZS5upmEyc8lzAkn2o29wD786A==",
      "dev": true,
      "optional": true
    },
    "@esbuild/linux-x64": {
      "version": "0.16.4",
      "resolved": "https://registry.npmjs.org/@esbuild/linux-x64/-/linux-x64-0.16.4.tgz",
      "integrity": "sha512-N55Q0mJs3Sl8+utPRPBrL6NLYZKBCLLx0bme/+RbjvMforTGGzFvsRl4xLTZMUBFC1poDzBEPTEu5nxizQ9Nlw==",
      "dev": true,
      "optional": true
    },
    "@esbuild/netbsd-x64": {
      "version": "0.16.4",
      "resolved": "https://registry.npmjs.org/@esbuild/netbsd-x64/-/netbsd-x64-0.16.4.tgz",
      "integrity": "sha512-LHSJLit8jCObEQNYkgsDYBh2JrJT53oJO2HVdkSYLa6+zuLJh0lAr06brXIkljrlI+N7NNW1IAXGn/6IZPi3YQ==",
      "dev": true,
      "optional": true
    },
    "@esbuild/openbsd-x64": {
      "version": "0.16.4",
      "resolved": "https://registry.npmjs.org/@esbuild/openbsd-x64/-/openbsd-x64-0.16.4.tgz",
      "integrity": "sha512-nLgdc6tWEhcCFg/WVFaUxHcPK3AP/bh+KEwKtl69Ay5IBqUwKDaq/6Xk0E+fh/FGjnLwqFSsarsbPHeKM8t8Sw==",
      "dev": true,
      "optional": true
    },
    "@esbuild/sunos-x64": {
      "version": "0.16.4",
      "resolved": "https://registry.npmjs.org/@esbuild/sunos-x64/-/sunos-x64-0.16.4.tgz",
      "integrity": "sha512-08SluG24GjPO3tXKk95/85n9kpyZtXCVwURR2i4myhrOfi3jspClV0xQQ0W0PYWHioJj+LejFMt41q+PG3mlAQ==",
      "dev": true,
      "optional": true
    },
    "@esbuild/win32-arm64": {
      "version": "0.16.4",
      "resolved": "https://registry.npmjs.org/@esbuild/win32-arm64/-/win32-arm64-0.16.4.tgz",
      "integrity": "sha512-yYiRDQcqLYQSvNQcBKN7XogbrSvBE45FEQdH8fuXPl7cngzkCvpsG2H9Uey39IjQ6gqqc+Q4VXYHsQcKW0OMjQ==",
      "dev": true,
      "optional": true
    },
    "@esbuild/win32-ia32": {
      "version": "0.16.4",
      "resolved": "https://registry.npmjs.org/@esbuild/win32-ia32/-/win32-ia32-0.16.4.tgz",
      "integrity": "sha512-5rabnGIqexekYkh9zXG5waotq8mrdlRoBqAktjx2W3kb0zsI83mdCwrcAeKYirnUaTGztR5TxXcXmQrEzny83w==",
      "dev": true,
      "optional": true
    },
    "@esbuild/win32-x64": {
      "version": "0.16.4",
      "resolved": "https://registry.npmjs.org/@esbuild/win32-x64/-/win32-x64-0.16.4.tgz",
      "integrity": "sha512-sN/I8FMPtmtT2Yw+Dly8Ur5vQ5a/RmC8hW7jO9PtPSQUPkowxWpcUZnqOggU7VwyT3Xkj6vcXWd3V/qTXwultQ==",
      "dev": true,
      "optional": true
    },
    "@nuxt/content": {
      "version": "file:../node_modules/.pnpm/@nuxt+content@2.2.2/node_modules/@nuxt/content",
      "requires": {
        "@nuxt/kit": "^3.0.0-rc.13",
        "@nuxt/module-builder": "^0.2.0",
        "@nuxt/schema": "^3.0.0-rc.13",
        "@nuxt/test-utils": "^3.0.0-rc.13",
        "@nuxthq/admin": "npm:@nuxthq/admin-edge@latest",
        "@nuxtjs/eslint-config-typescript": "latest",
        "@types/ws": "^8.5.3",
        "c8": "^7.12.0",
        "consola": "^2.15.3",
        "csvtojson": "^2.0.10",
        "defu": "^6.1.1",
        "destr": "^1.2.1",
        "detab": "^3.0.2",
        "eslint": "^8.27.0",
        "globby": "^13.1.2",
        "html-tags": "^3.2.0",
        "husky": "^8.0.2",
        "jiti": "^1.16.0",
        "json5": "^2.2.1",
        "knitwork": "^1.0.0",
        "lint-staged": "^13.0.3",
        "listhen": "^1.0.0",
        "mdast-util-to-hast": "^12.2.4",
        "mdurl": "^1.0.1",
        "nuxt": "npm:nuxt3@latest",
        "ohash": "^1.0.0",
        "pathe": "^1.0.0",
        "property-information": "^6.1.1",
        "rehype-external-links": "^2.0.1",
        "rehype-figure": "^1.0.1",
        "rehype-raw": "^6.1.1",
        "rehype-slug": "^5.1.0",
        "rehype-sort-attribute-values": "^4.0.0",
        "rehype-sort-attributes": "^4.0.0",
        "remark-emoji": "^3.0.2",
        "remark-gfm": "^3.0.1",
        "remark-mdc": "^1.1.1",
        "remark-oembed": "^1.2.2",
        "remark-parse": "^10.0.1",
        "remark-rehype": "^10.1.0",
        "remark-squeeze-paragraphs": "^5.0.1",
        "scule": "^1.0.0",
        "shiki-es": "^0.1.2",
        "slugify": "^1.6.5",
        "socket.io-client": "^4.5.3",
        "ufo": "^1.0.0",
        "unified": "^10.1.2",
        "unist-builder": "^3.0.0",
        "unist-util-position": "^4.0.3",
        "unist-util-visit": "^4.1.1",
        "unstorage": "^1.0.0",
        "vitest": "^0.25.2",
        "vue-docgen-web-types": "^0.1.8",
        "ws": "^8.11.0"
      }
    },
    "@vitejs/plugin-vue": {
      "version": "4.0.0",
      "resolved": "https://registry.npmjs.org/@vitejs/plugin-vue/-/plugin-vue-4.0.0.tgz",
      "integrity": "sha512-e0X4jErIxAB5oLtDqbHvHpJe/uWNkdpYV83AOG2xo2tEVSzCzewgJMtREZM30wXnM5ls90hxiOtAuVU6H5JgbA==",
      "dev": true,
      "requires": {}
    },
    "esbuild": {
      "version": "0.16.4",
      "resolved": "https://registry.npmjs.org/esbuild/-/esbuild-0.16.4.tgz",
      "integrity": "sha512-qQrPMQpPTWf8jHugLWHoGqZjApyx3OEm76dlTXobHwh/EBbavbRdjXdYi/GWr43GyN0sfpap14GPkb05NH3ROA==",
      "dev": true,
      "requires": {
        "@esbuild/android-arm": "0.16.4",
        "@esbuild/android-arm64": "0.16.4",
        "@esbuild/android-x64": "0.16.4",
        "@esbuild/darwin-arm64": "0.16.4",
        "@esbuild/darwin-x64": "0.16.4",
        "@esbuild/freebsd-arm64": "0.16.4",
        "@esbuild/freebsd-x64": "0.16.4",
        "@esbuild/linux-arm": "0.16.4",
        "@esbuild/linux-arm64": "0.16.4",
        "@esbuild/linux-ia32": "0.16.4",
        "@esbuild/linux-loong64": "0.16.4",
        "@esbuild/linux-mips64el": "0.16.4",
        "@esbuild/linux-ppc64": "0.16.4",
        "@esbuild/linux-riscv64": "0.16.4",
        "@esbuild/linux-s390x": "0.16.4",
        "@esbuild/linux-x64": "0.16.4",
        "@esbuild/netbsd-x64": "0.16.4",
        "@esbuild/openbsd-x64": "0.16.4",
        "@esbuild/sunos-x64": "0.16.4",
        "@esbuild/win32-arm64": "0.16.4",
        "@esbuild/win32-ia32": "0.16.4",
        "@esbuild/win32-x64": "0.16.4"
      }
    },
    "fsevents": {
      "version": "2.3.2",
      "resolved": "https://registry.npmjs.org/fsevents/-/fsevents-2.3.2.tgz",
      "integrity": "sha512-xiqMQR4xAeHTuB9uWm+fFRcIOgKBMiOBP+eXiyT7jsgVCq1bkVygt00oASowB7EdtpOHaaPgKt812P9ab+DDKA==",
      "dev": true,
      "optional": true
    },
    "function-bind": {
      "version": "1.1.1",
      "resolved": "https://registry.npmjs.org/function-bind/-/function-bind-1.1.1.tgz",
      "integrity": "sha512-yIovAzMX49sF8Yl58fSCWJ5svSLuaibPxXQJFLmBObTuCr0Mf1KiPopGM9NiFjiYBCbfaa2Fh6breQ6ANVTI0A==",
      "dev": true
    },
    "has": {
      "version": "1.0.3",
      "resolved": "https://registry.npmjs.org/has/-/has-1.0.3.tgz",
      "integrity": "sha512-f2dvO0VU6Oej7RkWJGrehjbzMAjFp5/VKPp5tTpWIV4JHHZK1/BxbFRtf/siA2SWTe09caDmVtYYzWEIbBS4zw==",
      "dev": true,
      "requires": {
        "function-bind": "^1.1.1"
      }
    },
    "is-core-module": {
      "version": "2.11.0",
      "resolved": "https://registry.npmjs.org/is-core-module/-/is-core-module-2.11.0.tgz",
      "integrity": "sha512-RRjxlvLDkD1YJwDbroBHMb+cukurkDWNyHx7D3oNB5x9rb5ogcksMC5wHCadcXoo67gVr/+3GFySh3134zi6rw==",
      "dev": true,
      "requires": {
        "has": "^1.0.3"
      }
    },
    "nanoid": {
      "version": "3.3.4",
      "resolved": "https://registry.npmjs.org/nanoid/-/nanoid-3.3.4.tgz",
      "integrity": "sha512-MqBkQh/OHTS2egovRtLk45wEyNXwF+cokD+1YPf9u5VfJiRdAiRwB2froX5Co9Rh20xs4siNPm8naNotSD6RBw==",
      "dev": true
    },
    "nuxt": {
      "version": "file:../node_modules/.pnpm/nuxt@3.0.0/node_modules/nuxt",
      "requires": {
        "@nuxt/devalue": "^2.0.0",
        "@nuxt/kit": "3.0.0",
        "@nuxt/schema": "3.0.0",
        "@nuxt/telemetry": "^2.1.8",
        "@nuxt/ui-templates": "^1.0.0",
        "@nuxt/vite-builder": "3.0.0",
        "@types/fs-extra": "^9.0.13",
        "@types/hash-sum": "^1.0.0",
        "@unhead/ssr": "^1.0.0",
        "@vue/reactivity": "^3.2.45",
        "@vue/shared": "^3.2.45",
        "@vueuse/head": "^1.0.15",
        "chokidar": "^3.5.3",
        "cookie-es": "^0.5.0",
        "defu": "^6.1.1",
        "destr": "^1.2.1",
        "escape-string-regexp": "^5.0.0",
        "estree-walker": "^3.0.1",
        "fs-extra": "^10.1.0",
        "globby": "^13.1.2",
        "h3": "^1.0.1",
        "hash-sum": "^2.0.0",
        "hookable": "^5.4.2",
        "knitwork": "^1.0.0",
        "magic-string": "^0.26.7",
        "mlly": "^1.0.0",
        "nitropack": "^1.0.0",
        "nuxi": "3.0.0",
        "ofetch": "^1.0.0",
        "ohash": "^1.0.0",
        "pathe": "^1.0.0",
        "perfect-debounce": "^0.1.3",
        "scule": "^1.0.0",
        "strip-literal": "^1.0.0",
        "ufo": "^1.0.0",
        "ultrahtml": "^1.0.0",
        "unbuild": "latest",
        "unctx": "^2.1.0",
        "unenv": "^1.0.0",
        "unhead": "^1.0.0",
        "unimport": "^1.0.1",
        "unplugin": "^1.0.0",
        "untyped": "^1.0.0",
        "vue": "^3.2.45",
        "vue-bundle-renderer": "^1.0.0",
        "vue-devtools-stub": "^0.1.0",
        "vue-meta": "next",
        "vue-router": "^4.1.6"
      }
    },
    "path-parse": {
      "version": "1.0.7",
      "resolved": "https://registry.npmjs.org/path-parse/-/path-parse-1.0.7.tgz",
      "integrity": "sha512-LDJzPVEEEPR+y48z93A0Ed0yXb8pAByGWo/k5YYdYgpY2/2EsOsksJrq7lOHxryrVOn1ejG6oAp8ahvOIQD8sw==",
      "dev": true
    },
    "picocolors": {
      "version": "1.0.0",
      "resolved": "https://registry.npmjs.org/picocolors/-/picocolors-1.0.0.tgz",
      "integrity": "sha512-1fygroTLlHu66zi26VoTDv8yRgm0Fccecssto+MhsZ0D/DGW2sm8E8AjW7NU5VVTRt5GxbeZ5qBuJr+HyLYkjQ==",
      "dev": true
    },
    "postcss": {
      "version": "8.4.20",
      "resolved": "https://registry.npmjs.org/postcss/-/postcss-8.4.20.tgz",
      "integrity": "sha512-6Q04AXR1212bXr5fh03u8aAwbLxAQNGQ/Q1LNa0VfOI06ZAlhPHtQvE4OIdpj4kLThXilalPnmDSOD65DcHt+g==",
      "dev": true,
      "requires": {
        "nanoid": "^3.3.4",
        "picocolors": "^1.0.0",
        "source-map-js": "^1.0.2"
      }
    },
    "resolve": {
      "version": "1.22.1",
      "resolved": "https://registry.npmjs.org/resolve/-/resolve-1.22.1.tgz",
      "integrity": "sha512-nBpuuYuY5jFsli/JIs1oldw6fOQCBioohqWZg/2hiaOybXOft4lonv85uDOKXdf8rhyK159cxU5cDcK/NKk8zw==",
      "dev": true,
      "requires": {
        "is-core-module": "^2.9.0",
        "path-parse": "^1.0.7",
        "supports-preserve-symlinks-flag": "^1.0.0"
      }
    },
    "rollup": {
      "version": "3.7.3",
      "resolved": "https://registry.npmjs.org/rollup/-/rollup-3.7.3.tgz",
      "integrity": "sha512-7e68MQbAWCX6mI4/0lG1WHd+NdNAlVamg0Zkd+8LZ/oXojligdGnCNyHlzXqXCZObyjs5FRc3AH0b17iJESGIQ==",
      "dev": true,
      "requires": {
        "fsevents": "~2.3.2"
      }
    },
    "source-map-js": {
      "version": "1.0.2",
      "resolved": "https://registry.npmjs.org/source-map-js/-/source-map-js-1.0.2.tgz",
      "integrity": "sha512-R0XvVJ9WusLiqTCEiGCmICCMplcCkIwwR11mOSD9CR5u+IXYdiseeEuXCVAjS54zqwkLcPNnmU4OeJ6tUrWhDw==",
      "dev": true
    },
    "supports-preserve-symlinks-flag": {
      "version": "1.0.0",
      "resolved": "https://registry.npmjs.org/supports-preserve-symlinks-flag/-/supports-preserve-symlinks-flag-1.0.0.tgz",
      "integrity": "sha512-ot0WnXS9fgdkgIcePe6RHNk1WA8+muPa6cSjeR3V8K27q9BB1rTE3R1p7Hv0z1ZyAc8s6Vvv8DIyWf681MAt0w==",
      "dev": true
    },
    "vite": {
      "version": "4.0.0",
      "resolved": "https://registry.npmjs.org/vite/-/vite-4.0.0.tgz",
      "integrity": "sha512-ynad+4kYs8Jcnn8J7SacS9vAbk7eMy0xWg6E7bAhS1s79TK+D7tVFGXVZ55S7RNLRROU1rxoKlvZ/qjaB41DGA==",
      "dev": true,
      "requires": {
        "esbuild": "^0.16.3",
        "fsevents": "~2.3.2",
        "postcss": "^8.4.19",
        "resolve": "^1.22.1",
        "rollup": "^3.7.0"
      }
    },
    "vite-plugin-inspect": {
      "version": "file:../node_modules/.pnpm/vite-plugin-inspect@0.7.9_vite@3.2.5/node_modules/vite-plugin-inspect",
      "requires": {
        "@antfu/eslint-config": "^0.31.0",
        "@antfu/ni": "^0.18.8",
        "@antfu/utils": "^0.6.3",
        "@iconify/json": "^2.1.141",
        "@rollup/pluginutils": "^5.0.2",
        "@types/codemirror": "^5.60.5",
        "@types/debug": "^4.1.7",
        "@types/diff-match-patch": "^1.0.32",
        "@types/fs-extra": "^9.0.13",
        "@types/node": "^18.11.9",
        "@vitejs/plugin-vue": "^3.2.0",
        "@vue/compiler-sfc": "^3.2.45",
        "@vueuse/core": "^9.5.0",
        "@vueuse/router": "^9.5.0",
        "bumpp": "^8.2.1",
        "codemirror": "^5.65.8",
        "codemirror-theme-vars": "^0.1.1",
        "comlink": "^4.3.1",
        "cross-env": "^7.0.3",
        "debug": "^4.3.4",
        "diff-match-patch": "^1.0.5",
        "eslint": "^8.28.0",
        "esno": "^0.16.3",
        "fs-extra": "^10.1.0",
        "fuse.js": "^6.6.2",
        "kolorist": "^1.6.0",
        "npm-run-all": "^4.1.5",
        "ohash": "^1.0.0",
        "prism-theme-vars": "^0.2.4",
        "rimraf": "^3.0.2",
        "sirv": "^2.0.2",
        "typescript": "^4.9.3",
        "ufo": "^1.0.0",
        "unbuild": "^1.0.1",
        "unocss": "^0.46.5",
        "unplugin-auto-import": "^0.11.4",
        "unplugin-icons": "^0.14.13",
        "unplugin-vue-components": "^0.22.9",
        "vis-data": "7.1.4",
        "vis-network": "9.1.2",
        "vite": "^3.2.4",
        "vite-dev-rpc": "^0.1.0",
        "vite-hot-client": "^0.1.1",
        "vite-plugin-pages": "^0.27.1",
        "vue": "^3.2.45",
        "vue-router": "^4.1.6"
      }
    },
    "vue": {
      "version": "file:../node_modules/.pnpm/vue@3.2.45/node_modules/vue",
      "requires": {
        "@vue/compiler-dom": "3.2.45",
        "@vue/compiler-sfc": "3.2.45",
        "@vue/runtime-dom": "3.2.45",
        "@vue/server-renderer": "3.2.45",
        "@vue/shared": "3.2.45"
      }
    }
  }
}
